{
  "name": "feedme.abird.ca",
  "version": "1.0.0",
  "lockfileVersion": 1,
  "requires": true,
  "dependencies": {
    "aws-cli-js": {
      "version": "2.0.4",
      "resolved": "https://registry.npmjs.org/aws-cli-js/-/aws-cli-js-2.0.4.tgz",
      "integrity": "sha512-ua3U+roDElIpEy0c7jqJHbLS+2C/BvPc7r2QwPYho0nBVrl/WSQOntL8LXKH2cZqsJIlfYHZXObfdqh2Z9wGPA==",
      "dev": true,
      "requires": {
        "lodash": "4.17.10",
        "nodeify-ts": "1.0.6"
      }
    },
    "lodash": {
      "version": "4.17.10",
      "resolved": "https://registry.npmjs.org/lodash/-/lodash-4.17.10.tgz",
      "integrity": "sha512-UejweD1pDoXu+AD825lWwp4ZGtSwgnpZxb3JDViD7StjQz+Nb/6l093lx4OQ0foGWNRoc19mWy7BzL+UAK2iVg==",
      "dev": true
    },
    "ncp": {
      "version": "2.0.0",
      "resolved": "http://registry.npmjs.org/ncp/-/ncp-2.0.0.tgz",
      "integrity": "sha1-GVoh1sRuNh0vsSgbo4uR6d9727M="
    },
    "nodeify-ts": {
      "version": "1.0.6",
      "resolved": "https://registry.npmjs.org/nodeify-ts/-/nodeify-ts-1.0.6.tgz",
      "integrity": "sha512-jq+8sqVG1aLqy5maMTceL8NUJ1CvarWztlxvrYh3G0aao9BsVeoVmVedUnrUSBLetP7oLIAJrPrw4+iIo7v3GA==",
      "dev": true
    }
  }
}
